// !$*UTF8*$!
{
	archiveVersion = 1;
	classes = {
	};
	objectVersion = 50;
	objects = {

/* Begin PBXBuildFile section */
		2F558CC5255858D5001B4997 /* AppDelegate.swift in Sources */ = {isa = PBXBuildFile; fileRef = 2F558CC4255858D5001B4997 /* AppDelegate.swift */; };
		2F558CC8255858D5001B4997 /* iBloogerApp.xcdatamodeld in Sources */ = {isa = PBXBuildFile; fileRef = 2F558CC6255858D5001B4997 /* iBloogerApp.xcdatamodeld */; };
		2F558CCA255858D5001B4997 /* SceneDelegate.swift in Sources */ = {isa = PBXBuildFile; fileRef = 2F558CC9255858D5001B4997 /* SceneDelegate.swift */; };
		2F558CCC255858D5001B4997 /* MasterViewController.swift in Sources */ = {isa = PBXBuildFile; fileRef = 2F558CCB255858D5001B4997 /* MasterViewController.swift */; };
		2F558CCE255858D5001B4997 /* DetailViewController.swift in Sources */ = {isa = PBXBuildFile; fileRef = 2F558CCD255858D5001B4997 /* DetailViewController.swift */; };
		2F558CD1255858D5001B4997 /* Main.storyboard in Resources */ = {isa = PBXBuildFile; fileRef = 2F558CCF255858D5001B4997 /* Main.storyboard */; };
		2F558CD3255858DE001B4997 /* Assets.xcassets in Resources */ = {isa = PBXBuildFile; fileRef = 2F558CD2255858DE001B4997 /* Assets.xcassets */; };
		2F558CD6255858DE001B4997 /* LaunchScreen.storyboard in Resources */ = {isa = PBXBuildFile; fileRef = 2F558CD4255858DE001B4997 /* LaunchScreen.storyboard */; };
/* End PBXBuildFile section */

/* Begin PBXFileReference section */
		2F558CC1255858D5001B4997 /* iBloogerApp.app */ = {isa = PBXFileReference; explicitFileType = wrapper.application; includeInIndex = 0; path = iBloogerApp.app; sourceTree = BUILT_PRODUCTS_DIR; };
		2F558CC4255858D5001B4997 /* AppDelegate.swift */ = {isa = PBXFileReference; lastKnownFileType = sourcecode.swift; path = AppDelegate.swift; sourceTree = "<group>"; };
		2F558CC7255858D5001B4997 /* iBloogerApp.xcdatamodel */ = {isa = PBXFileReference; lastKnownFileType = wrapper.xcdatamodel; path = iBloogerApp.xcdatamodel; sourceTree = "<group>"; };
		2F558CC9255858D5001B4997 /* SceneDelegate.swift */ = {isa = PBXFileReference; lastKnownFileType = sourcecode.swift; path = SceneDelegate.swift; sourceTree = "<group>"; };
		2F558CCB255858D5001B4997 /* MasterViewController.swift */ = {isa = PBXFileReference; lastKnownFileType = sourcecode.swift; path = MasterViewController.swift; sourceTree = "<group>"; };
		2F558CCD255858D5001B4997 /* DetailViewController.swift */ = {isa = PBXFileReference; lastKnownFileType = sourcecode.swift; path = DetailViewController.swift; sourceTree = "<group>"; };
		2F558CD0255858D5001B4997 /* Base */ = {isa = PBXFileReference; lastKnownFileType = file.storyboard; name = Base; path = Base.lproj/Main.storyboard; sourceTree = "<group>"; };
		2F558CD2255858DE001B4997 /* Assets.xcassets */ = {isa = PBXFileReference; lastKnownFileType = folder.assetcatalog; path = Assets.xcassets; sourceTree = "<group>"; };
		2F558CD5255858DE001B4997 /* Base */ = {isa = PBXFileReference; lastKnownFileType = file.storyboard; name = Base; path = Base.lproj/LaunchScreen.storyboard; sourceTree = "<group>"; };
		2F558CD7255858DE001B4997 /* Info.plist */ = {isa = PBXFileReference; lastKnownFileType = text.plist.xml; path = Info.plist; sourceTree = "<group>"; };
/* End PBXFileReference section */

/* Begin PBXFrameworksBuildPhase section */
		2F558CBE255858D5001B4997 /* Frameworks */ = {
			isa = PBXFrameworksBuildPhase;
			buildActionMask = 2147483647;
			files = (
			);
			runOnlyForDeploymentPostprocessing = 0;
		};
/* End PBXFrameworksBuildPhase section */

/* Begin PBXGroup section */
		2F558CB8255858D5001B4997 = {
			isa = PBXGroup;
			children = (
				2F558CC3255858D5001B4997 /* iBloogerApp */,
				2F558CC2255858D5001B4997 /* Products */,
			);
			sourceTree = "<group>";
		};
		2F558CC2255858D5001B4997 /* Products */ = {
			isa = PBXGroup;
			children = (
				2F558CC1255858D5001B4997 /* iBloogerApp.app */,
			);
			name = Products;
			sourceTree = "<group>";
		};
		2F558CC3255858D5001B4997 /* iBloogerApp */ = {
			isa = PBXGroup;
			children = (
				2F558CC4255858D5001B4997 /* AppDelegate.swift */,
				2F558CC9255858D5001B4997 /* SceneDelegate.swift */,
				2F558CCB255858D5001B4997 /* MasterViewController.swift */,
				2F558CCD255858D5001B4997 /* DetailViewController.swift */,
				2F558CCF255858D5001B4997 /* Main.storyboard */,
				2F558CD2255858DE001B4997 /* Assets.xcassets */,
				2F558CD4255858DE001B4997 /* LaunchScreen.storyboard */,
				2F558CD7255858DE001B4997 /* Info.plist */,
				2F558CC6255858D5001B4997 /* iBloogerApp.xcdatamodeld */,
			);
			path = iBloogerApp;
			sourceTree = "<group>";
		};
/* End PBXGroup section */

/* Begin PBXNativeTarget section */
		2F558CC0255858D5001B4997 /* iBloogerApp */ = {
			isa = PBXNativeTarget;
			buildConfigurationList = 2F558CDA255858DE001B4997 /* Build configuration list for PBXNativeTarget "iBloogerApp" */;
			buildPhases = (
				2F558CBD255858D5001B4997 /* Sources */,
				2F558CBE255858D5001B4997 /* Frameworks */,
				2F558CBF255858D5001B4997 /* Resources */,
			);
			buildRules = (
			);
			dependencies = (
			);
			name = iBloogerApp;
			productName = iBloogerApp;
			productReference = 2F558CC1255858D5001B4997 /* iBloogerApp.app */;
			productType = "com.apple.product-type.application";
		};
/* End PBXNativeTarget section */

/* Begin PBXProject section */
		2F558CB9255858D5001B4997 /* Project object */ = {
			isa = PBXProject;
			attributes = {
				LastSwiftUpdateCheck = 1100;
				LastUpgradeCheck = 1100;
				ORGANIZATIONNAME = AlphaCoders;
				TargetAttributes = {
					2F558CC0255858D5001B4997 = {
						CreatedOnToolsVersion = 11.0;
					};
				};
			};
			buildConfigurationList = 2F558CBC255858D5001B4997 /* Build configuration list for PBXProject "iBloogerApp" */;
			compatibilityVersion = "Xcode 9.3";
			developmentRegion = en;
			hasScannedForEncodings = 0;
			knownRegions = (
				en,
				Base,
			);
			mainGroup = 2F558CB8255858D5001B4997;
			productRefGroup = 2F558CC2255858D5001B4997 /* Products */;
			projectDirPath = "";
			projectRoot = "";
			targets = (
				2F558CC0255858D5001B4997 /* iBloogerApp */,
			);
		};
/* End PBXProject section */

/* Begin PBXResourcesBuildPhase section */
		2F558CBF255858D5001B4997 /* Resources */ = {
			isa = PBXResourcesBuildPhase;
			buildActionMask = 2147483647;
			files = (
				2F558CD6255858DE001B4997 /* LaunchScreen.storyboard in Resources */,
				2F558CD3255858DE001B4997 /* Assets.xcassets in Resources */,
				2F558CD1255858D5001B4997 /* Main.storyboard in Resources */,
			);
			runOnlyForDeploymentPostprocessing = 0;
		};
/* End PBXResourcesBuildPhase section */

/* Begin PBXSourcesBuildPhase section */
		2F558CBD255858D5001B4997 /* Sources */ = {
			isa = PBXSourcesBuildPhase;
			buildActionMask = 2147483647;
			files = (
				2F558CCC255858D5001B4997 /* MasterViewController.swift in Sources */,
				2F558CC8255858D5001B4997 /* iBloogerApp.xcdatamodeld in Sources */,
				2F558CCE255858D5001B4997 /* DetailViewController.swift in Sources */,
				2F558CC5255858D5001B4997 /* AppDelegate.swift in Sources */,
				2F558CCA255858D5001B4997 /* SceneDelegate.swift in Sources */,
			);
			runOnlyForDeploymentPostprocessing = 0;
		};
/* End PBXSourcesBuildPhase section */

/* Begin PBXVariantGroup section */
		2F558CCF255858D5001B4997 /* Main.storyboard */ = {
			isa = PBXVariantGroup;
			children = (
				2F558CD0255858D5001B4997 /* Base */,
			);
			name = Main.storyboard;
			sourceTree = "<group>";
		};
		2F558CD4255858DE001B4997 /* LaunchScreen.storyboard */ = {
			isa = PBXVariantGroup;
			children = (
				2F558CD5255858DE001B4997 /* Base */,
			);
			name = LaunchScreen.storyboard;
			sourceTree = "<group>";
		};
/* End PBXVariantGroup section */

/* Begin XCBuildConfiguration section */
		2F558CD8255858DE001B4997 /* Debug */ = {
			isa = XCBuildConfiguration;
			buildSettings = {
				ALWAYS_SEARCH_USER_PATHS = NO;
				CLANG_ANALYZER_NONNULL = YES;
				CLANG_ANALYZER_NUMBER_OBJECT_CONVERSION = YES_AGGRESSIVE;
				CLANG_CXX_LANGUAGE_STANDARD = "gnu++14";
				CLANG_CXX_LIBRARY = "libc++";
				CLANG_ENABLE_MODULES = YES;
				CLANG_ENABLE_OBJC_ARC = YES;
				CLANG_ENABLE_OBJC_WEAK = YES;
				CLANG_WARN_BLOCK_CAPTURE_AUTORELEASING = YES;
				CLANG_WARN_BOOL_CONVERSION = YES;
				CLANG_WARN_COMMA = YES;
				CLANG_WARN_CONSTANT_CONVERSION = YES;
				CLANG_WARN_DEPRECATED_OBJC_IMPLEMENTATIONS = YES;
				CLANG_WARN_DIRECT_OBJC_ISA_USAGE = YES_ERROR;
				CLANG_WARN_DOCUMENTATION_COMMENTS = YES;
				CLANG_WARN_EMPTY_BODY = YES;
				CLANG_WARN_ENUM_CONVERSION = YES;
				CLANG_WARN_INFINITE_RECURSION = YES;
				CLANG_WARN_INT_CONVERSION = YES;
				CLANG_WARN_NON_LITERAL_NULL_CONVERSION = YES;
				CLANG_WARN_OBJC_IMPLICIT_RETAIN_SELF = YES;
				CLANG_WARN_OBJC_LITERAL_CONVERSION = YES;
				CLANG_WARN_OBJC_ROOT_CLASS = YES_ERROR;
				CLANG_WARN_RANGE_LOOP_ANALYSIS = YES;
				CLANG_WARN_STRICT_PROTOTYPES = YES;
				CLANG_WARN_SUSPICIOUS_MOVE = YES;
				CLANG_WARN_UNGUARDED_AVAILABILITY = YES_AGGRESSIVE;
				CLANG_WARN_UNREACHABLE_CODE = YES;
				CLANG_WARN__DUPLICATE_METHOD_MATCH = YES;
				COPY_PHASE_STRIP = NO;
				DEBUG_INFORMATION_FORMAT = dwarf;
				ENABLE_STRICT_OBJC_MSGSEND = YES;
				ENABLE_TESTABILITY = YES;
				GCC_C_LANGUAGE_STANDARD = gnu11;
				GCC_DYNAMIC_NO_PIC = NO;
				GCC_NO_COMMON_BLOCKS = YES;
				GCC_OPTIMIZATION_LEVEL = 0;
				GCC_PREPROCESSOR_DEFINITIONS = (
					"DEBUG=1",
					"$(inherited)",
				);
				GCC_WARN_64_TO_32_BIT_CONVERSION = YES;
				GCC_WARN_ABOUT_RETURN_TYPE = YES_ERROR;
				GCC_WARN_UNDECLARED_SELECTOR = YES;
				GCC_WARN_UNINITIALIZED_AUTOS = YES_AGGRESSIVE;
				GCC_WARN_UNUSED_FUNCTION = YES;
				GCC_WARN_UNUSED_VARIABLE = YES;
				IPHONEOS_DEPLOYMENT_TARGET = 13.0;
				MTL_ENABLE_DEBUG_INFO = INCLUDE_SOURCE;
				MTL_FAST_MATH = YES;
				ONLY_ACTIVE_ARCH = YES;
				SDKROOT = iphoneos;
				SWIFT_ACTIVE_COMPILATION_CONDITIONS = DEBUG;
				SWIFT_OPTIMIZATION_LEVEL = "-Onone";
			};
			name = Debug;
		};
		2F558CD9255858DE001B4997 /* Release */ = {
			isa = XCBuildConfiguration;
			buildSettings = {
				ALWAYS_SEARCH_USER_PATHS = NO;
				CLANG_ANALYZER_NONNULL = YES;
				CLANG_ANALYZER_NUMBER_OBJECT_CONVERSION = YES_AGGRESSIVE;
				CLANG_CXX_LANGUAGE_STANDARD = "gnu++14";
				CLANG_CXX_LIBRARY = "libc++";
				CLANG_ENABLE_MODULES = YES;
				CLANG_ENABLE_OBJC_ARC = YES;
				CLANG_ENABLE_OBJC_WEAK = YES;
				CLANG_WARN_BLOCK_CAPTURE_AUTORELEASING = YES;
				CLANG_WARN_BOOL_CONVERSION = YES;
				CLANG_WARN_COMMA = YES;
				CLANG_WARN_CONSTANT_CONVERSION = YES;
				CLANG_WARN_DEPRECATED_OBJC_IMPLEMENTATIONS = YES;
				CLANG_WARN_DIRECT_OBJC_ISA_USAGE = YES_ERROR;
				CLANG_WARN_DOCUMENTATION_COMMENTS = YES;
				CLANG_WARN_EMPTY_BODY = YES;
				CLANG_WARN_ENUM_CONVERSION = YES;
				CLANG_WARN_INFINITE_RECURSION = YES;
				CLANG_WARN_INT_CONVERSION = YES;
				CLANG_WARN_NON_LITERAL_NULL_CONVERSION = YES;
				CLANG_WARN_OBJC_IMPLICIT_RETAIN_SELF = YES;
				CLANG_WARN_OBJC_LITERAL_CONVERSION = YES;
				CLANG_WARN_OBJC_ROOT_CLASS = YES_ERROR;
				CLANG_WARN_RANGE_LOOP_ANALYSIS = YES;
				CLANG_WARN_STRICT_PROTOTYPES = YES;
				CLANG_WARN_SUSPICIOUS_MOVE = YES;
				CLANG_WARN_UNGUARDED_AVAILABILITY = YES_AGGRESSIVE;
				CLANG_WARN_UNREACHABLE_CODE = YES;
				CLANG_WARN__DUPLICATE_METHOD_MATCH = YES;
				COPY_PHASE_STRIP = NO;
				DEBUG_INFORMATION_FORMAT = "dwarf-with-dsym";
				ENABLE_NS_ASSERTIONS = NO;
				ENABLE_STRICT_OBJC_MSGSEND = YES;
				GCC_C_LANGUAGE_STANDARD = gnu11;
				GCC_NO_COMMON_BLOCKS = YES;
				GCC_WARN_64_TO_32_BIT_CONVERSION = YES;
				GCC_WARN_ABOUT_RETURN_TYPE = YES_ERROR;
				GCC_WARN_UNDECLARED_SELECTOR = YES;
				GCC_WARN_UNINITIALIZED_AUTOS = YES_AGGRESSIVE;
				GCC_WARN_UNUSED_FUNCTION = YES;
				GCC_WARN_UNUSED_VARIABLE = YES;
				IPHONEOS_DEPLOYMENT_TARGET = 13.0;
				MTL_ENABLE_DEBUG_INFO = NO;
				MTL_FAST_MATH = YES;
				SDKROOT = iphoneos;
				SWIFT_COMPILATION_MODE = wholemodule;
				SWIFT_OPTIMIZATION_LEVEL = "-O";
				VALIDATE_PRODUCT = YES;
			};
			name = Release;
		};
		2F558CDB255858DE001B4997 /* Debug */ = {
			isa = XCBuildConfiguration;
			buildSettings = {
				ASSETCATALOG_COMPILER_APPICON_NAME = AppIcon;
				CODE_SIGN_STYLE = Automatic;
				INFOPLIST_FILE = iBloogerApp/Info.plist;
				LD_RUNPATH_SEARCH_PATHS = (
					"$(inherited)",
					"@executable_path/Frameworks",
				);
				PRODUCT_BUNDLE_IDENTIFIER = AlphaCoders.iBloogerApp;
				PRODUCT_NAME = "$(TARGET_NAME)";
				SWIFT_VERSION = 5.0;
				TARGETED_DEVICE_FAMILY = "1,2";
			};
			name = Debug;
		};
		2F558CDC255858DE001B4997 /* Release */ = {
			isa = XCBuildConfiguration;
			buildSettings = {
				ASSETCATALOG_COMPILER_APPICON_NAME = AppIcon;
				CODE_SIGN_STYLE = Automatic;
				INFOPLIST_FILE = iBloogerApp/Info.plist;
				LD_RUNPATH_SEARCH_PATHS = (
					"$(inherited)",
					"@executable_path/Frameworks",
				);
				PRODUCT_BUNDLE_IDENTIFIER = AlphaCoders.iBloogerApp;
				PRODUCT_NAME = "$(TARGET_NAME)";
				SWIFT_VERSION = 5.0;
				TARGETED_DEVICE_FAMILY = "1,2";
			};
			name = Release;
		};
/* End XCBuildConfiguration section */

/* Begin XCConfigurationList section */
		2F558CBC255858D5001B4997 /* Build configuration list for PBXProject "iBloogerApp" */ = {
			isa = XCConfigurationList;
			buildConfigurations = (
				2F558CD8255858DE001B4997 /* Debug */,
				2F558CD9255858DE001B4997 /* Release */,
			);
			defaultConfigurationIsVisible = 0;
			defaultConfigurationName = Release;
		};
		2F558CDA255858DE001B4997 /* Build configuration list for PBXNativeTarget "iBloogerApp" */ = {
			isa = XCConfigurationList;
			buildConfigurations = (
				2F558CDB255858DE001B4997 /* Debug */,
				2F558CDC255858DE001B4997 /* Release */,
			);
			defaultConfigurationIsVisible = 0;
			defaultConfigurationName = Release;
		};
/* End XCConfigurationList section */

/* Begin XCVersionGroup section */
		2F558CC6255858D5001B4997 /* iBloogerApp.xcdatamodeld */ = {
			isa = XCVersionGroup;
			children = (
				2F558CC7255858D5001B4997 /* iBloogerApp.xcdatamodel */,
			);
			currentVersion = 2F558CC7255858D5001B4997 /* iBloogerApp.xcdatamodel */;
			path = iBloogerApp.xcdatamodeld;
			sourceTree = "<group>";
			versionGroupType = wrapper.xcdatamodel;
		};
/* End XCVersionGroup section */
	};
	rootObject = 2F558CB9255858D5001B4997 /* Project object */;
}
